
Microsoft Visual Studio Solution File, Format Version 12.00
# Visual Studio 15
VisualStudioVersion = 15.0.28307.106
MinimumVisualStudioVersion = 10.0.40219.1
Project("{FAE04EC0-301F-11D3-BF4B-00C04F79EFBC}") = "LYH.WorkOrderMisDx", "LYH.WorkOrderMisDx.csproj", "{9234978A-D602-4578-8E63-0F42A93069C7}"
EndProject
Project("{FAE04EC0-301F-11D3-BF4B-00C04F79EFBC}") = "SpellSearchBoxEx", "..\SpellSearchBoxEx\SpellSearchBoxEx.csproj", "{B2D00483-25D4-4144-A08B-481952BE404C}"
EndProject
Project("{FAE04EC0-301F-11D3-BF4B-00C04F79EFBC}") = "LYH.Framework.Commons", "..\LYH.Framework.Commons\LYH.Framework.Commons.csproj", "{380AE65A-E19C-4E5D-83A4-ACC8F5760FE3}"
EndProject
Project("{FAE04EC0-301F-11D3-BF4B-00C04F79EFBC}") = "LYH.Framework.ControlUtil", "..\LYH.Framework.ControlUtil\LYH.Framework.ControlUtil.csproj", "{1DD712FE-31BC-4B5F-A5DF-65F669F67C47}"
EndProject
Project("{FAE04EC0-301F-11D3-BF4B-00C04F79EFBC}") = "LYH.Pager.Entity", "..\LYH.Pager.Entity\LYH.Pager.Entity.csproj", "{245C3F50-B4E9-4981-BF27-C41EAF7468F2}"
EndProject
Project("{FAE04EC0-301F-11D3-BF4B-00C04F79EFBC}") = "LYH.Pager.WinControl", "..\LYH.Pager.WinControlDx\LYH.Pager.WinControl.csproj", "{5B9F25B7-CFF9-46FB-9196-CE6C6273B079}"
EndProject
Project("{FAE04EC0-301F-11D3-BF4B-00C04F79EFBC}") = "LYH.Framework.BaseUI", "..\LYH.Framework.BaseUIDx\LYH.Framework.BaseUI.csproj", "{4E49D66C-4E6C-4A12-9ED3-6B6FF76E3851}"
EndProject
Global
	GlobalSection(SolutionConfigurationPlatforms) = preSolution
		Debug|Any CPU = Debug|Any CPU
		Debug|x86 = Debug|x86
		Release|Any CPU = Release|Any CPU
		Release|x86 = Release|x86
	EndGlobalSection
	GlobalSection(ProjectConfigurationPlatforms) = postSolution
		{9234978A-D602-4578-8E63-0F42A93069C7}.Debug|Any CPU.ActiveCfg = Debug|Any CPU
		{9234978A-D602-4578-8E63-0F42A93069C7}.Debug|Any CPU.Build.0 = Debug|Any CPU
		{9234978A-D602-4578-8E63-0F42A93069C7}.Debug|x86.ActiveCfg = Debug|x86
		{9234978A-D602-4578-8E63-0F42A93069C7}.Debug|x86.Build.0 = Debug|x86
		{9234978A-D602-4578-8E63-0F42A93069C7}.Release|Any CPU.ActiveCfg = Release|Any CPU
		{9234978A-D602-4578-8E63-0F42A93069C7}.Release|Any CPU.Build.0 = Release|Any CPU
		{9234978A-D602-4578-8E63-0F42A93069C7}.Release|x86.ActiveCfg = Release|x86
		{9234978A-D602-4578-8E63-0F42A93069C7}.Release|x86.Build.0 = Release|x86
		{B2D00483-25D4-4144-A08B-481952BE404C}.Debug|Any CPU.ActiveCfg = Debug|Any CPU
		{B2D00483-25D4-4144-A08B-481952BE404C}.Debug|Any CPU.Build.0 = Debug|Any CPU
		{B2D00483-25D4-4144-A08B-481952BE404C}.Debug|x86.ActiveCfg = Debug|Any CPU
		{B2D00483-25D4-4144-A08B-481952BE404C}.Debug|x86.Build.0 = Debug|Any CPU
		{B2D00483-25D4-4144-A08B-481952BE404C}.Release|Any CPU.ActiveCfg = Release|Any CPU
		{B2D00483-25D4-4144-A08B-481952BE404C}.Release|Any CPU.Build.0 = Release|Any CPU
		{B2D00483-25D4-4144-A08B-481952BE404C}.Release|x86.ActiveCfg = Release|Any CPU
		{B2D00483-25D4-4144-A08B-481952BE404C}.Release|x86.Build.0 = Release|Any CPU
		{380AE65A-E19C-4E5D-83A4-ACC8F5760FE3}.Debug|Any CPU.ActiveCfg = Debug|Any CPU
		{380AE65A-E19C-4E5D-83A4-ACC8F5760FE3}.Debug|Any CPU.Build.0 = Debug|Any CPU
		{380AE65A-E19C-4E5D-83A4-ACC8F5760FE3}.Debug|x86.ActiveCfg = Debug|Any CPU
		{380AE65A-E19C-4E5D-83A4-ACC8F5760FE3}.Debug|x86.Build.0 = Debug|Any CPU
		{380AE65A-E19C-4E5D-83A4-ACC8F5760FE3}.Release|Any CPU.ActiveCfg = Release|Any CPU
		{380AE65A-E19C-4E5D-83A4-ACC8F5760FE3}.Release|Any CPU.Build.0 = Release|Any CPU
		{380AE65A-E19C-4E5D-83A4-ACC8F5760FE3}.Release|x86.ActiveCfg = Release|Any CPU
		{380AE65A-E19C-4E5D-83A4-ACC8F5760FE3}.Release|x86.Build.0 = Release|Any CPU
		{1DD712FE-31BC-4B5F-A5DF-65F669F67C47}.Debug|Any CPU.ActiveCfg = Debug|Any CPU
		{1DD712FE-31BC-4B5F-A5DF-65F669F67C47}.Debug|Any CPU.Build.0 = Debug|Any CPU
		{1DD712FE-31BC-4B5F-A5DF-65F669F67C47}.Debug|x86.ActiveCfg = Debug|Any CPU
		{1DD712FE-31BC-4B5F-A5DF-65F669F67C47}.Debug|x86.Build.0 = Debug|Any CPU
		{1DD712FE-31BC-4B5F-A5DF-65F669F67C47}.Release|Any CPU.ActiveCfg = Release|Any CPU
		{1DD712FE-31BC-4B5F-A5DF-65F669F67C47}.Release|Any CPU.Build.0 = Release|Any CPU
		{1DD712FE-31BC-4B5F-A5DF-65F669F67C47}.Release|x86.ActiveCfg = Release|Any CPU
		{1DD712FE-31BC-4B5F-A5DF-65F669F67C47}.Release|x86.Build.0 = Release|Any CPU
		{245C3F50-B4E9-4981-BF27-C41EAF7468F2}.Debug|Any CPU.ActiveCfg = Debug|Any CPU
		{245C3F50-B4E9-4981-BF27-C41EAF7468F2}.Debug|Any CPU.Build.0 = Debug|Any CPU
		{245C3F50-B4E9-4981-BF27-C41EAF7468F2}.Debug|x86.ActiveCfg = Debug|Any CPU
		{245C3F50-B4E9-4981-BF27-C41EAF7468F2}.Debug|x86.Build.0 = Debug|Any CPU
		{245C3F50-B4E9-4981-BF27-C41EAF7468F2}.Release|Any CPU.ActiveCfg = Release|Any CPU
		{245C3F50-B4E9-4981-BF27-C41EAF7468F2}.Release|Any CPU.Build.0 = Release|Any CPU
		{245C3F50-B4E9-4981-BF27-C41EAF7468F2}.Release|x86.ActiveCfg = Release|Any CPU
		{245C3F50-B4E9-4981-BF27-C41EAF7468F2}.Release|x86.Build.0 = Release|Any CPU
		{5B9F25B7-CFF9-46FB-9196-CE6C6273B079}.Debug|Any CPU.ActiveCfg = Debug|Any CPU
		{5B9F25B7-CFF9-46FB-9196-CE6C6273B079}.Debug|Any CPU.Build.0 = Debug|Any CPU
		{5B9F25B7-CFF9-46FB-9196-CE6C6273B079}.Debug|x86.ActiveCfg = Debug|Any CPU
		{5B9F25B7-CFF9-46FB-9196-CE6C6273B079}.Debug|x86.Build.0 = Debug|Any CPU
		{5B9F25B7-CFF9-46FB-9196-CE6C6273B079}.Release|Any CPU.ActiveCfg = Release|Any CPU
		{5B9F25B7-CFF9-46FB-9196-CE6C6273B079}.Release|Any CPU.Build.0 = Release|Any CPU
		{5B9F25B7-CFF9-46FB-9196-CE6C6273B079}.Release|x86.ActiveCfg = Release|Any CPU
		{5B9F25B7-CFF9-46FB-9196-CE6C6273B079}.Release|x86.Build.0 = Release|Any CPU
		{4E49D66C-4E6C-4A12-9ED3-6B6FF76E3851}.Debug|Any CPU.ActiveCfg = Debug|Any CPU
		{4E49D66C-4E6C-4A12-9ED3-6B6FF76E3851}.Debug|Any CPU.Build.0 = Debug|Any CPU
		{4E49D66C-4E6C-4A12-9ED3-6B6FF76E3851}.Debug|x86.ActiveCfg = Debug|Any CPU
		{4E49D66C-4E6C-4A12-9ED3-6B6FF76E3851}.Debug|x86.Build.0 = Debug|Any CPU
		{4E49D66C-4E6C-4A12-9ED3-6B6FF76E3851}.Release|Any CPU.ActiveCfg = Release|Any CPU
		{4E49D66C-4E6C-4A12-9ED3-6B6FF76E3851}.Release|Any CPU.Build.0 = Release|Any CPU
		{4E49D66C-4E6C-4A12-9ED3-6B6FF76E3851}.Release|x86.ActiveCfg = Release|Any CPU
		{4E49D66C-4E6C-4A12-9ED3-6B6FF76E3851}.Release|x86.Build.0 = Release|Any CPU
	EndGlobalSection
	GlobalSection(SolutionProperties) = preSolution
		HideSolutionNode = FALSE
	EndGlobalSection
	GlobalSection(ExtensibilityGlobals) = postSolution
		EnterpriseLibraryConfigurationToolBinariesPath = packages\Unity.2.1.505.0\lib\NET35;packages\Unity.Interception.2.1.505.0\lib\NET35;packages\EnterpriseLibrary.Common.5.0.505.0\lib\NET35;packages\EnterpriseLibrary.Data.5.0.505.0\lib\NET35
		SolutionGuid = {761F2F76-B8FB-47D1-AD8D-E6D139FD8E85}
	EndGlobalSection
EndGlobal
